// !$*UTF8*$!
{
	archiveVersion = 1;
	classes = {
	};
	objectVersion = 56;
	objects = {

/* Begin PBXBuildFile section */
		6145A8A52982B30800917DFA /* AppDelegate.swift in Sources */ = {isa = PBXBuildFile; fileRef = 6145A8A42982B30800917DFA /* AppDelegate.swift */; };
		6145A8A72982B30800917DFA /* SceneDelegate.swift in Sources */ = {isa = PBXBuildFile; fileRef = 6145A8A62982B30800917DFA /* SceneDelegate.swift */; };
		6145A8A92982B30800917DFA /* PokemonListViewController.swift in Sources */ = {isa = PBXBuildFile; fileRef = 6145A8A82982B30800917DFA /* PokemonListViewController.swift */; };
		6145A8AC2982B30800917DFA /* Main.storyboard in Resources */ = {isa = PBXBuildFile; fileRef = 6145A8AA2982B30800917DFA /* Main.storyboard */; };
		6145A8AE2982B30A00917DFA /* Assets.xcassets in Resources */ = {isa = PBXBuildFile; fileRef = 6145A8AD2982B30A00917DFA /* Assets.xcassets */; };
		6145A8B12982B30A00917DFA /* LaunchScreen.storyboard in Resources */ = {isa = PBXBuildFile; fileRef = 6145A8AF2982B30A00917DFA /* LaunchScreen.storyboard */; };
		61484C7229857FF900BCAEEB /* PokemonPresenter.swift in Sources */ = {isa = PBXBuildFile; fileRef = 61484C7129857FF900BCAEEB /* PokemonPresenter.swift */; };
		61484C742985811800BCAEEB /* Protocols.swift in Sources */ = {isa = PBXBuildFile; fileRef = 61484C732985811800BCAEEB /* Protocols.swift */; };
		61484C762985856C00BCAEEB /* Models.swift in Sources */ = {isa = PBXBuildFile; fileRef = 61484C752985856C00BCAEEB /* Models.swift */; };
		61484C782985887200BCAEEB /* NetworkDataFetcher.swift in Sources */ = {isa = PBXBuildFile; fileRef = 61484C772985887200BCAEEB /* NetworkDataFetcher.swift */; };
		61484C7A298588A900BCAEEB /* NetworkService.swift in Sources */ = {isa = PBXBuildFile; fileRef = 61484C79298588A900BCAEEB /* NetworkService.swift */; };
		61484C7C29858D2700BCAEEB /* DataFetcherService.swift in Sources */ = {isa = PBXBuildFile; fileRef = 61484C7B29858D2700BCAEEB /* DataFetcherService.swift */; };
		61484C822985CA6400BCAEEB /* PokemonDetailsViewController.swift in Sources */ = {isa = PBXBuildFile; fileRef = 61484C812985CA6300BCAEEB /* PokemonDetailsViewController.swift */; };
		6149B3F32986E14B0090124D /* PokemonDetailsPresenter.swift in Sources */ = {isa = PBXBuildFile; fileRef = 6149B3F22986E14B0090124D /* PokemonDetailsPresenter.swift */; };
/* End PBXBuildFile section */

/* Begin PBXFileReference section */
		6145A8A12982B30800917DFA /* PokemonSit.app */ = {isa = PBXFileReference; explicitFileType = wrapper.application; includeInIndex = 0; path = PokemonSit.app; sourceTree = BUILT_PRODUCTS_DIR; };
		6145A8A42982B30800917DFA /* AppDelegate.swift */ = {isa = PBXFileReference; lastKnownFileType = sourcecode.swift; path = AppDelegate.swift; sourceTree = "<group>"; };
		6145A8A62982B30800917DFA /* SceneDelegate.swift */ = {isa = PBXFileReference; lastKnownFileType = sourcecode.swift; path = SceneDelegate.swift; sourceTree = "<group>"; };
		6145A8A82982B30800917DFA /* PokemonListViewController.swift */ = {isa = PBXFileReference; lastKnownFileType = sourcecode.swift; path = PokemonListViewController.swift; sourceTree = "<group>"; };
		6145A8AB2982B30800917DFA /* Base */ = {isa = PBXFileReference; lastKnownFileType = file.storyboard; name = Base; path = Base.lproj/Main.storyboard; sourceTree = "<group>"; };
		6145A8AD2982B30A00917DFA /* Assets.xcassets */ = {isa = PBXFileReference; lastKnownFileType = folder.assetcatalog; path = Assets.xcassets; sourceTree = "<group>"; };
		6145A8B02982B30A00917DFA /* Base */ = {isa = PBXFileReference; lastKnownFileType = file.storyboard; name = Base; path = Base.lproj/LaunchScreen.storyboard; sourceTree = "<group>"; };
		6145A8B22982B30A00917DFA /* Info.plist */ = {isa = PBXFileReference; lastKnownFileType = text.plist.xml; path = Info.plist; sourceTree = "<group>"; };
		61484C7129857FF900BCAEEB /* PokemonPresenter.swift */ = {isa = PBXFileReference; lastKnownFileType = sourcecode.swift; path = PokemonPresenter.swift; sourceTree = "<group>"; };
		61484C732985811800BCAEEB /* Protocols.swift */ = {isa = PBXFileReference; lastKnownFileType = sourcecode.swift; path = Protocols.swift; sourceTree = "<group>"; };
		61484C752985856C00BCAEEB /* Models.swift */ = {isa = PBXFileReference; lastKnownFileType = sourcecode.swift; path = Models.swift; sourceTree = "<group>"; };
		61484C772985887200BCAEEB /* NetworkDataFetcher.swift */ = {isa = PBXFileReference; lastKnownFileType = sourcecode.swift; path = NetworkDataFetcher.swift; sourceTree = "<group>"; };
		61484C79298588A900BCAEEB /* NetworkService.swift */ = {isa = PBXFileReference; lastKnownFileType = sourcecode.swift; path = NetworkService.swift; sourceTree = "<group>"; };
		61484C7B29858D2700BCAEEB /* DataFetcherService.swift */ = {isa = PBXFileReference; lastKnownFileType = sourcecode.swift; path = DataFetcherService.swift; sourceTree = "<group>"; };
		61484C812985CA6300BCAEEB /* PokemonDetailsViewController.swift */ = {isa = PBXFileReference; lastKnownFileType = sourcecode.swift; path = PokemonDetailsViewController.swift; sourceTree = "<group>"; };
		6149B3F22986E14B0090124D /* PokemonDetailsPresenter.swift */ = {isa = PBXFileReference; lastKnownFileType = sourcecode.swift; path = PokemonDetailsPresenter.swift; sourceTree = "<group>"; };
/* End PBXFileReference section */

/* Begin PBXFrameworksBuildPhase section */
		6145A89E2982B30800917DFA /* Frameworks */ = {
			isa = PBXFrameworksBuildPhase;
			buildActionMask = 2147483647;
			files = (
			);
			runOnlyForDeploymentPostprocessing = 0;
		};
/* End PBXFrameworksBuildPhase section */

/* Begin PBXGroup section */
		6145A8982982B30800917DFA = {
			isa = PBXGroup;
			children = (
				6145A8A32982B30800917DFA /* PokemonSit */,
				6145A8A22982B30800917DFA /* Products */,
			);
			sourceTree = "<group>";
		};
		6145A8A22982B30800917DFA /* Products */ = {
			isa = PBXGroup;
			children = (
				6145A8A12982B30800917DFA /* PokemonSit.app */,
			);
			name = Products;
			sourceTree = "<group>";
		};
		6145A8A32982B30800917DFA /* PokemonSit */ = {
			isa = PBXGroup;
			children = (
				61484C7D2985966A00BCAEEB /* Supporting Files */,
				61484C80298596CC00BCAEEB /* Model */,
				61484C7E298596A800BCAEEB /* View */,
				61484C732985811800BCAEEB /* Protocols.swift */,
				61484C7129857FF900BCAEEB /* PokemonPresenter.swift */,
				6149B3F22986E14B0090124D /* PokemonDetailsPresenter.swift */,
				61484C7B29858D2700BCAEEB /* DataFetcherService.swift */,
				61484C7F298596B500BCAEEB /* Network */,
				6145A8B22982B30A00917DFA /* Info.plist */,
			);
			path = PokemonSit;
			sourceTree = "<group>";
		};
		61484C7D2985966A00BCAEEB /* Supporting Files */ = {
			isa = PBXGroup;
			children = (
				6145A8AD2982B30A00917DFA /* Assets.xcassets */,
				6145A8AF2982B30A00917DFA /* LaunchScreen.storyboard */,
				6145A8A42982B30800917DFA /* AppDelegate.swift */,
				6145A8A62982B30800917DFA /* SceneDelegate.swift */,
			);
			path = "Supporting Files";
			sourceTree = "<group>";
		};
		61484C7E298596A800BCAEEB /* View */ = {
			isa = PBXGroup;
			children = (
				6145A8A82982B30800917DFA /* PokemonListViewController.swift */,
				61484C812985CA6300BCAEEB /* PokemonDetailsViewController.swift */,
				6145A8AA2982B30800917DFA /* Main.storyboard */,
			);
			path = View;
			sourceTree = "<group>";
		};
		61484C7F298596B500BCAEEB /* Network */ = {
			isa = PBXGroup;
			children = (
				61484C772985887200BCAEEB /* NetworkDataFetcher.swift */,
				61484C79298588A900BCAEEB /* NetworkService.swift */,
			);
			path = Network;
			sourceTree = "<group>";
		};
		61484C80298596CC00BCAEEB /* Model */ = {
			isa = PBXGroup;
			children = (
				61484C752985856C00BCAEEB /* Models.swift */,
			);
			path = Model;
			sourceTree = "<group>";
		};
/* End PBXGroup section */

/* Begin PBXNativeTarget section */
		6145A8A02982B30800917DFA /* PokemonSit */ = {
			isa = PBXNativeTarget;
			buildConfigurationList = 6145A8B52982B30A00917DFA /* Build configuration list for PBXNativeTarget "PokemonSit" */;
			buildPhases = (
				6145A89D2982B30800917DFA /* Sources */,
				6145A89E2982B30800917DFA /* Frameworks */,
				6145A89F2982B30800917DFA /* Resources */,
			);
			buildRules = (
			);
			dependencies = (
			);
			name = PokemonSit;
			productName = PokemonSit;
			productReference = 6145A8A12982B30800917DFA /* PokemonSit.app */;
			productType = "com.apple.product-type.application";
		};
/* End PBXNativeTarget section */

/* Begin PBXProject section */
		6145A8992982B30800917DFA /* Project object */ = {
			isa = PBXProject;
			attributes = {
				BuildIndependentTargetsInParallel = 1;
				LastSwiftUpdateCheck = 1410;
				LastUpgradeCheck = 1410;
				TargetAttributes = {
					6145A8A02982B30800917DFA = {
						CreatedOnToolsVersion = 14.1;
					};
				};
			};
			buildConfigurationList = 6145A89C2982B30800917DFA /* Build configuration list for PBXProject "PokemonSit" */;
			compatibilityVersion = "Xcode 14.0";
			developmentRegion = en;
			hasScannedForEncodings = 0;
			knownRegions = (
				en,
				Base,
			);
			mainGroup = 6145A8982982B30800917DFA;
			productRefGroup = 6145A8A22982B30800917DFA /* Products */;
			projectDirPath = "";
			projectRoot = "";
			targets = (
				6145A8A02982B30800917DFA /* PokemonSit */,
			);
		};
/* End PBXProject section */

/* Begin PBXResourcesBuildPhase section */
		6145A89F2982B30800917DFA /* Resources */ = {
			isa = PBXResourcesBuildPhase;
			buildActionMask = 2147483647;
			files = (
				6145A8B12982B30A00917DFA /* LaunchScreen.storyboard in Resources */,
				6145A8AE2982B30A00917DFA /* Assets.xcassets in Resources */,
				6145A8AC2982B30800917DFA /* Main.storyboard in Resources */,
			);
			runOnlyForDeploymentPostprocessing = 0;
		};
/* End PBXResourcesBuildPhase section */

/* Begin PBXSourcesBuildPhase section */
		6145A89D2982B30800917DFA /* Sources */ = {
			isa = PBXSourcesBuildPhase;
			buildActionMask = 2147483647;
			files = (
				61484C782985887200BCAEEB /* NetworkDataFetcher.swift in Sources */,
				61484C822985CA6400BCAEEB /* PokemonDetailsViewController.swift in Sources */,
				61484C742985811800BCAEEB /* Protocols.swift in Sources */,
				61484C7A298588A900BCAEEB /* NetworkService.swift in Sources */,
				6145A8A92982B30800917DFA /* PokemonListViewController.swift in Sources */,
				6145A8A52982B30800917DFA /* AppDelegate.swift in Sources */,
				61484C7C29858D2700BCAEEB /* DataFetcherService.swift in Sources */,
				61484C762985856C00BCAEEB /* Models.swift in Sources */,
				6149B3F32986E14B0090124D /* PokemonDetailsPresenter.swift in Sources */,
				61484C7229857FF900BCAEEB /* PokemonPresenter.swift in Sources */,
				6145A8A72982B30800917DFA /* SceneDelegate.swift in Sources */,
			);
			runOnlyForDeploymentPostprocessing = 0;
		};
/* End PBXSourcesBuildPhase section */

/* Begin PBXVariantGroup section */
		6145A8AA2982B30800917DFA /* Main.storyboard */ = {
			isa = PBXVariantGroup;
			children = (
				6145A8AB2982B30800917DFA /* Base */,
			);
			name = Main.storyboard;
			sourceTree = "<group>";
		};
		6145A8AF2982B30A00917DFA /* LaunchScreen.storyboard */ = {
			isa = PBXVariantGroup;
			children = (
				6145A8B02982B30A00917DFA /* Base */,
			);
			name = LaunchScreen.storyboard;
			sourceTree = "<group>";
		};
/* End PBXVariantGroup section */

/* Begin XCBuildConfiguration section */
		6145A8B32982B30A00917DFA /* Debug */ = {
			isa = XCBuildConfiguration;
			buildSettings = {
				ALWAYS_SEARCH_USER_PATHS = NO;
				CLANG_ANALYZER_NONNULL = YES;
				CLANG_ANALYZER_NUMBER_OBJECT_CONVERSION = YES_AGGRESSIVE;
				CLANG_CXX_LANGUAGE_STANDARD = "gnu++20";
				CLANG_ENABLE_MODULES = YES;
				CLANG_ENABLE_OBJC_ARC = YES;
				CLANG_ENABLE_OBJC_WEAK = YES;
				CLANG_WARN_BLOCK_CAPTURE_AUTORELEASING = YES;
				CLANG_WARN_BOOL_CONVERSION = YES;
				CLANG_WARN_COMMA = YES;
				CLANG_WARN_CONSTANT_CONVERSION = YES;
				CLANG_WARN_DEPRECATED_OBJC_IMPLEMENTATIONS = YES;
				CLANG_WARN_DIRECT_OBJC_ISA_USAGE = YES_ERROR;
				CLANG_WARN_DOCUMENTATION_COMMENTS = YES;
				CLANG_WARN_EMPTY_BODY = YES;
				CLANG_WARN_ENUM_CONVERSION = YES;
				CLANG_WARN_INFINITE_RECURSION = YES;
				CLANG_WARN_INT_CONVERSION = YES;
				CLANG_WARN_NON_LITERAL_NULL_CONVERSION = YES;
				CLANG_WARN_OBJC_IMPLICIT_RETAIN_SELF = YES;
				CLANG_WARN_OBJC_LITERAL_CONVERSION = YES;
				CLANG_WARN_OBJC_ROOT_CLASS = YES_ERROR;
				CLANG_WARN_QUOTED_INCLUDE_IN_FRAMEWORK_HEADER = YES;
				CLANG_WARN_RANGE_LOOP_ANALYSIS = YES;
				CLANG_WARN_STRICT_PROTOTYPES = YES;
				CLANG_WARN_SUSPICIOUS_MOVE = YES;
				CLANG_WARN_UNGUARDED_AVAILABILITY = YES_AGGRESSIVE;
				CLANG_WARN_UNREACHABLE_CODE = YES;
				CLANG_WARN__DUPLICATE_METHOD_MATCH = YES;
				COPY_PHASE_STRIP = NO;
				DEBUG_INFORMATION_FORMAT = dwarf;
				ENABLE_STRICT_OBJC_MSGSEND = YES;
				ENABLE_TESTABILITY = YES;
				GCC_C_LANGUAGE_STANDARD = gnu11;
				GCC_DYNAMIC_NO_PIC = NO;
				GCC_NO_COMMON_BLOCKS = YES;
				GCC_OPTIMIZATION_LEVEL = 0;
				GCC_PREPROCESSOR_DEFINITIONS = (
					"DEBUG=1",
					"$(inherited)",
				);
				GCC_WARN_64_TO_32_BIT_CONVERSION = YES;
				GCC_WARN_ABOUT_RETURN_TYPE = YES_ERROR;
				GCC_WARN_UNDECLARED_SELECTOR = YES;
				GCC_WARN_UNINITIALIZED_AUTOS = YES_AGGRESSIVE;
				GCC_WARN_UNUSED_FUNCTION = YES;
				GCC_WARN_UNUSED_VARIABLE = YES;
				IPHONEOS_DEPLOYMENT_TARGET = 16.1;
				MTL_ENABLE_DEBUG_INFO = INCLUDE_SOURCE;
				MTL_FAST_MATH = YES;
				ONLY_ACTIVE_ARCH = YES;
				SDKROOT = iphoneos;
				SWIFT_ACTIVE_COMPILATION_CONDITIONS = DEBUG;
				SWIFT_OPTIMIZATION_LEVEL = "-Onone";
			};
			name = Debug;
		};
		6145A8B42982B30A00917DFA /* Release */ = {
			isa = XCBuildConfiguration;
			buildSettings = {
				ALWAYS_SEARCH_USER_PATHS = NO;
				CLANG_ANALYZER_NONNULL = YES;
				CLANG_ANALYZER_NUMBER_OBJECT_CONVERSION = YES_AGGRESSIVE;
				CLANG_CXX_LANGUAGE_STANDARD = "gnu++20";
				CLANG_ENABLE_MODULES = YES;
				CLANG_ENABLE_OBJC_ARC = YES;
				CLANG_ENABLE_OBJC_WEAK = YES;
				CLANG_WARN_BLOCK_CAPTURE_AUTORELEASING = YES;
				CLANG_WARN_BOOL_CONVERSION = YES;
				CLANG_WARN_COMMA = YES;
				CLANG_WARN_CONSTANT_CONVERSION = YES;
				CLANG_WARN_DEPRECATED_OBJC_IMPLEMENTATIONS = YES;
				CLANG_WARN_DIRECT_OBJC_ISA_USAGE = YES_ERROR;
				CLANG_WARN_DOCUMENTATION_COMMENTS = YES;
				CLANG_WARN_EMPTY_BODY = YES;
				CLANG_WARN_ENUM_CONVERSION = YES;
				CLANG_WARN_INFINITE_RECURSION = YES;
				CLANG_WARN_INT_CONVERSION = YES;
				CLANG_WARN_NON_LITERAL_NULL_CONVERSION = YES;
				CLANG_WARN_OBJC_IMPLICIT_RETAIN_SELF = YES;
				CLANG_WARN_OBJC_LITERAL_CONVERSION = YES;
				CLANG_WARN_OBJC_ROOT_CLASS = YES_ERROR;
				CLANG_WARN_QUOTED_INCLUDE_IN_FRAMEWORK_HEADER = YES;
				CLANG_WARN_RANGE_LOOP_ANALYSIS = YES;
				CLANG_WARN_STRICT_PROTOTYPES = YES;
				CLANG_WARN_SUSPICIOUS_MOVE = YES;
				CLANG_WARN_UNGUARDED_AVAILABILITY = YES_AGGRESSIVE;
				CLANG_WARN_UNREACHABLE_CODE = YES;
				CLANG_WARN__DUPLICATE_METHOD_MATCH = YES;
				COPY_PHASE_STRIP = NO;
				DEBUG_INFORMATION_FORMAT = "dwarf-with-dsym";
				ENABLE_NS_ASSERTIONS = NO;
				ENABLE_STRICT_OBJC_MSGSEND = YES;
				GCC_C_LANGUAGE_STANDARD = gnu11;
				GCC_NO_COMMON_BLOCKS = YES;
				GCC_WARN_64_TO_32_BIT_CONVERSION = YES;
				GCC_WARN_ABOUT_RETURN_TYPE = YES_ERROR;
				GCC_WARN_UNDECLARED_SELECTOR = YES;
				GCC_WARN_UNINITIALIZED_AUTOS = YES_AGGRESSIVE;
				GCC_WARN_UNUSED_FUNCTION = YES;
				GCC_WARN_UNUSED_VARIABLE = YES;
				IPHONEOS_DEPLOYMENT_TARGET = 16.1;
				MTL_ENABLE_DEBUG_INFO = NO;
				MTL_FAST_MATH = YES;
				SDKROOT = iphoneos;
				SWIFT_COMPILATION_MODE = wholemodule;
				SWIFT_OPTIMIZATION_LEVEL = "-O";
				VALIDATE_PRODUCT = YES;
			};
			name = Release;
		};
		6145A8B62982B30A00917DFA /* Debug */ = {
			isa = XCBuildConfiguration;
			buildSettings = {
				ASSETCATALOG_COMPILER_APPICON_NAME = AppIcon;
				ASSETCATALOG_COMPILER_GLOBAL_ACCENT_COLOR_NAME = AccentColor;
				CODE_SIGN_STYLE = Automatic;
				CURRENT_PROJECT_VERSION = 1;
				DEVELOPMENT_TEAM = 26GDC7P9U8;
				GENERATE_INFOPLIST_FILE = YES;
				INFOPLIST_FILE = PokemonSit/Info.plist;
				INFOPLIST_KEY_UIApplicationSupportsIndirectInputEvents = YES;
				INFOPLIST_KEY_UILaunchStoryboardName = LaunchScreen;
				INFOPLIST_KEY_UIMainStoryboardFile = Main;
				INFOPLIST_KEY_UISupportedInterfaceOrientations = UIInterfaceOrientationPortrait;
				INFOPLIST_KEY_UISupportedInterfaceOrientations_iPad = "UIInterfaceOrientationLandscapeLeft UIInterfaceOrientationLandscapeRight UIInterfaceOrientationPortrait UIInterfaceOrientationPortraitUpsideDown";
				LD_RUNPATH_SEARCH_PATHS = (
					"$(inherited)",
					"@executable_path/Frameworks",
				);
				MARKETING_VERSION = 1.0;
				PRODUCT_BUNDLE_IDENTIFIER = ru.kfkf.PokemonSit;
				PRODUCT_NAME = "$(TARGET_NAME)";
				SWIFT_EMIT_LOC_STRINGS = YES;
				SWIFT_VERSION = 5.0;
				TARGETED_DEVICE_FAMILY = "1,2";
			};
			name = Debug;
		};
		6145A8B72982B30A00917DFA /* Release */ = {
			isa = XCBuildConfiguration;
			buildSettings = {
				ASSETCATALOG_COMPILER_APPICON_NAME = AppIcon;
				ASSETCATALOG_COMPILER_GLOBAL_ACCENT_COLOR_NAME = AccentColor;
				CODE_SIGN_STYLE = Automatic;
				CURRENT_PROJECT_VERSION = 1;
				DEVELOPMENT_TEAM = 26GDC7P9U8;
				GENERATE_INFOPLIST_FILE = YES;
				INFOPLIST_FILE = PokemonSit/Info.plist;
				INFOPLIST_KEY_UIApplicationSupportsIndirectInputEvents = YES;
				INFOPLIST_KEY_UILaunchStoryboardName = LaunchScreen;
				INFOPLIST_KEY_UIMainStoryboardFile = Main;
				INFOPLIST_KEY_UISupportedInterfaceOrientations = UIInterfaceOrientationPortrait;
				INFOPLIST_KEY_UISupportedInterfaceOrientations_iPad = "UIInterfaceOrientationLandscapeLeft UIInterfaceOrientationLandscapeRight UIInterfaceOrientationPortrait UIInterfaceOrientationPortraitUpsideDown";
				LD_RUNPATH_SEARCH_PATHS = (
					"$(inherited)",
					"@executable_path/Frameworks",
				);
				MARKETING_VERSION = 1.0;
				PRODUCT_BUNDLE_IDENTIFIER = ru.kfkf.PokemonSit;
				PRODUCT_NAME = "$(TARGET_NAME)";
				SWIFT_EMIT_LOC_STRINGS = YES;
				SWIFT_VERSION = 5.0;
				TARGETED_DEVICE_FAMILY = "1,2";
			};
			name = Release;
		};
/* End XCBuildConfiguration section */

/* Begin XCConfigurationList section */
		6145A89C2982B30800917DFA /* Build configuration list for PBXProject "PokemonSit" */ = {
			isa = XCConfigurationList;
			buildConfigurations = (
				6145A8B32982B30A00917DFA /* Debug */,
				6145A8B42982B30A00917DFA /* Release */,
			);
			defaultConfigurationIsVisible = 0;
			defaultConfigurationName = Release;
		};
		6145A8B52982B30A00917DFA /* Build configuration list for PBXNativeTarget "PokemonSit" */ = {
			isa = XCConfigurationList;
			buildConfigurations = (
				6145A8B62982B30A00917DFA /* Debug */,
				6145A8B72982B30A00917DFA /* Release */,
			);
			defaultConfigurationIsVisible = 0;
			defaultConfigurationName = Release;
		};
/* End XCConfigurationList section */
	};
	rootObject = 6145A8992982B30800917DFA /* Project object */;
}
